
Microsoft Visual Studio Solution File, Format Version 12.00
# Visual Studio Version 17
VisualStudioVersion = 17.7.33711.374
MinimumVisualStudioVersion = 10.0.40219.1
Project("{9A19103F-16F7-4668-BE54-9A1E7A4F7556}") = "OleszekMowinski.ProjectApp.Core", "ProjectApp.Core\OleszekMowinski.ProjectApp.Core.csproj", "{CABCB109-6963-4A6A-ADEA-E229222AA3CC}"
EndProject
Project("{9A19103F-16F7-4668-BE54-9A1E7A4F7556}") = "OleszekMowinski.ProjectApp.Interfaces", "ProjectApp.Interfaces\OleszekMowinski.ProjectApp.Interfaces.csproj", "{1BD4F7EB-6AE6-4CC5-AE5C-6EE809BA80BF}"
EndProject
Project("{9A19103F-16F7-4668-BE54-9A1E7A4F7556}") = "OleszekMowinski.ProjectApp.DAOMock", "ProjectApp.DAOMock1\OleszekMowinski.ProjectApp.DAOMock.csproj", "{206319E2-4632-41FD-AF9D-ECBB8310AACE}"
EndProject
Project("{9A19103F-16F7-4668-BE54-9A1E7A4F7556}") = "OleszekMowinski.ProjectApp.BLC", "ProjectApp.BLC\OleszekMowinski.ProjectApp.BLC.csproj", "{863211C1-E018-4E12-B782-74B53637B8C3}"
EndProject
Project("{9A19103F-16F7-4668-BE54-9A1E7A4F7556}") = "OleszekMowinski.ProjectApp.DAOSQL", "ProjectApp.DAOEF\OleszekMowinski.ProjectApp.DAOSQL.csproj", "{0A75A49D-D01B-4428-8BAE-C5BACFB0AE35}"
EndProject
Project("{9A19103F-16F7-4668-BE54-9A1E7A4F7556}") = "OleszekMowinski.ProjectApp.MVC", "OleszekMowinski.ProjectApp.MVC\OleszekMowinski.ProjectApp.MVC.csproj", "{8C82893E-2BD6-4E5A-BBEE-0E91D506328A}"
EndProject
Project("{9A19103F-16F7-4668-BE54-9A1E7A4F7556}") = "OleszekMowinski.ProjectApp.DAOFile", "OleszekMowinski.ProjectApp.DAOFile\OleszekMowinski.ProjectApp.DAOFile.csproj", "{862B0E9F-6ADB-4AE7-B0AE-DB5951FC80EF}"
EndProject
Project("{9A19103F-16F7-4668-BE54-9A1E7A4F7556}") = "OleszekMowinski.ProjectApp.MAUI", "OleszekMowinski.ProjectApp.MAUI\OleszekMowinski.ProjectApp.MAUI.csproj", "{49E257A6-C507-47C6-8C62-45E9A4A44FD6}"
EndProject
Global
	GlobalSection(SolutionConfigurationPlatforms) = preSolution
		Debug|Any CPU = Debug|Any CPU
		Release|Any CPU = Release|Any CPU
	EndGlobalSection
	GlobalSection(ProjectConfigurationPlatforms) = postSolution
		{CABCB109-6963-4A6A-ADEA-E229222AA3CC}.Debug|Any CPU.ActiveCfg = Debug|Any CPU
		{CABCB109-6963-4A6A-ADEA-E229222AA3CC}.Debug|Any CPU.Build.0 = Debug|Any CPU
		{CABCB109-6963-4A6A-ADEA-E229222AA3CC}.Release|Any CPU.ActiveCfg = Release|Any CPU
		{CABCB109-6963-4A6A-ADEA-E229222AA3CC}.Release|Any CPU.Build.0 = Release|Any CPU
		{1BD4F7EB-6AE6-4CC5-AE5C-6EE809BA80BF}.Debug|Any CPU.ActiveCfg = Debug|Any CPU
		{1BD4F7EB-6AE6-4CC5-AE5C-6EE809BA80BF}.Debug|Any CPU.Build.0 = Debug|Any CPU
		{1BD4F7EB-6AE6-4CC5-AE5C-6EE809BA80BF}.Release|Any CPU.ActiveCfg = Release|Any CPU
		{1BD4F7EB-6AE6-4CC5-AE5C-6EE809BA80BF}.Release|Any CPU.Build.0 = Release|Any CPU
		{206319E2-4632-41FD-AF9D-ECBB8310AACE}.Debug|Any CPU.ActiveCfg = Debug|Any CPU
		{206319E2-4632-41FD-AF9D-ECBB8310AACE}.Debug|Any CPU.Build.0 = Debug|Any CPU
		{206319E2-4632-41FD-AF9D-ECBB8310AACE}.Release|Any CPU.ActiveCfg = Release|Any CPU
		{206319E2-4632-41FD-AF9D-ECBB8310AACE}.Release|Any CPU.Build.0 = Release|Any CPU
		{863211C1-E018-4E12-B782-74B53637B8C3}.Debug|Any CPU.ActiveCfg = Debug|Any CPU
		{863211C1-E018-4E12-B782-74B53637B8C3}.Debug|Any CPU.Build.0 = Debug|Any CPU
		{863211C1-E018-4E12-B782-74B53637B8C3}.Release|Any CPU.ActiveCfg = Release|Any CPU
		{863211C1-E018-4E12-B782-74B53637B8C3}.Release|Any CPU.Build.0 = Release|Any CPU
		{0A75A49D-D01B-4428-8BAE-C5BACFB0AE35}.Debug|Any CPU.ActiveCfg = Debug|Any CPU
		{0A75A49D-D01B-4428-8BAE-C5BACFB0AE35}.Debug|Any CPU.Build.0 = Debug|Any CPU
		{0A75A49D-D01B-4428-8BAE-C5BACFB0AE35}.Release|Any CPU.ActiveCfg = Release|Any CPU
		{0A75A49D-D01B-4428-8BAE-C5BACFB0AE35}.Release|Any CPU.Build.0 = Release|Any CPU
		{8C82893E-2BD6-4E5A-BBEE-0E91D506328A}.Debug|Any CPU.ActiveCfg = Debug|Any CPU
		{8C82893E-2BD6-4E5A-BBEE-0E91D506328A}.Debug|Any CPU.Build.0 = Debug|Any CPU
		{8C82893E-2BD6-4E5A-BBEE-0E91D506328A}.Release|Any CPU.ActiveCfg = Release|Any CPU
		{8C82893E-2BD6-4E5A-BBEE-0E91D506328A}.Release|Any CPU.Build.0 = Release|Any CPU
		{862B0E9F-6ADB-4AE7-B0AE-DB5951FC80EF}.Debug|Any CPU.ActiveCfg = Debug|Any CPU
		{862B0E9F-6ADB-4AE7-B0AE-DB5951FC80EF}.Debug|Any CPU.Build.0 = Debug|Any CPU
		{862B0E9F-6ADB-4AE7-B0AE-DB5951FC80EF}.Release|Any CPU.ActiveCfg = Release|Any CPU
		{862B0E9F-6ADB-4AE7-B0AE-DB5951FC80EF}.Release|Any CPU.Build.0 = Release|Any CPU
		{49E257A6-C507-47C6-8C62-45E9A4A44FD6}.Debug|Any CPU.ActiveCfg = Debug|Any CPU
		{49E257A6-C507-47C6-8C62-45E9A4A44FD6}.Debug|Any CPU.Build.0 = Debug|Any CPU
		{49E257A6-C507-47C6-8C62-45E9A4A44FD6}.Debug|Any CPU.Deploy.0 = Debug|Any CPU
		{49E257A6-C507-47C6-8C62-45E9A4A44FD6}.Release|Any CPU.ActiveCfg = Release|Any CPU
		{49E257A6-C507-47C6-8C62-45E9A4A44FD6}.Release|Any CPU.Build.0 = Release|Any CPU
		{49E257A6-C507-47C6-8C62-45E9A4A44FD6}.Release|Any CPU.Deploy.0 = Release|Any CPU
	EndGlobalSection
	GlobalSection(SolutionProperties) = preSolution
		HideSolutionNode = FALSE
	EndGlobalSection
	GlobalSection(ExtensibilityGlobals) = postSolution
		SolutionGuid = {EE7B2392-BA5B-4720-9EF2-B763AD2AEFF1}
	EndGlobalSection
EndGlobal
